
Microsoft Visual Studio Solution File, Format Version 12.00
# Visual Studio Version 16
VisualStudioVersion = 16.0.30114.105
MinimumVisualStudioVersion = 10.0.40219.1
Project("{FAE04EC0-301F-11D3-BF4B-00C04F79EFBC}") = "SimpleApi", "SimpleApi\SimpleApi.csproj", "{0175EBF2-223D-4844-A99E-49353C631DF9}"
EndProject
Project("{2150E333-8FDC-42A3-9474-1A3956D46DE8}") = "Test", "Test", "{0074A497-ACE8-488C-A05A-DFE11FB08263}"
EndProject
Project("{FAE04EC0-301F-11D3-BF4B-00C04F79EFBC}") = "SimpleApi.Tests", "Test\SimpleApi.Tests\SimpleApi.Tests.csproj", "{FEFA5AFC-5F15-4B55-973A-2A337C4343F0}"
EndProject
Global
	GlobalSection(SolutionConfigurationPlatforms) = preSolution
		Debug|Any CPU = Debug|Any CPU
		Debug|x64 = Debug|x64
		Debug|x86 = Debug|x86
		Release|Any CPU = Release|Any CPU
		Release|x64 = Release|x64
		Release|x86 = Release|x86
	EndGlobalSection
	GlobalSection(SolutionProperties) = preSolution
		HideSolutionNode = FALSE
	EndGlobalSection
	GlobalSection(ProjectConfigurationPlatforms) = postSolution
		{0175EBF2-223D-4844-A99E-49353C631DF9}.Debug|Any CPU.ActiveCfg = Debug|Any CPU
		{0175EBF2-223D-4844-A99E-49353C631DF9}.Debug|Any CPU.Build.0 = Debug|Any CPU
		{0175EBF2-223D-4844-A99E-49353C631DF9}.Debug|x64.ActiveCfg = Debug|Any CPU
		{0175EBF2-223D-4844-A99E-49353C631DF9}.Debug|x64.Build.0 = Debug|Any CPU
		{0175EBF2-223D-4844-A99E-49353C631DF9}.Debug|x86.ActiveCfg = Debug|Any CPU
		{0175EBF2-223D-4844-A99E-49353C631DF9}.Debug|x86.Build.0 = Debug|Any CPU
		{0175EBF2-223D-4844-A99E-49353C631DF9}.Release|Any CPU.ActiveCfg = Release|Any CPU
		{0175EBF2-223D-4844-A99E-49353C631DF9}.Release|Any CPU.Build.0 = Release|Any CPU
		{0175EBF2-223D-4844-A99E-49353C631DF9}.Release|x64.ActiveCfg = Release|Any CPU
		{0175EBF2-223D-4844-A99E-49353C631DF9}.Release|x64.Build.0 = Release|Any CPU
		{0175EBF2-223D-4844-A99E-49353C631DF9}.Release|x86.ActiveCfg = Release|Any CPU
		{0175EBF2-223D-4844-A99E-49353C631DF9}.Release|x86.Build.0 = Release|Any CPU
		{FEFA5AFC-5F15-4B55-973A-2A337C4343F0}.Debug|Any CPU.ActiveCfg = Debug|Any CPU
		{FEFA5AFC-5F15-4B55-973A-2A337C4343F0}.Debug|Any CPU.Build.0 = Debug|Any CPU
		{FEFA5AFC-5F15-4B55-973A-2A337C4343F0}.Debug|x64.ActiveCfg = Debug|Any CPU
		{FEFA5AFC-5F15-4B55-973A-2A337C4343F0}.Debug|x64.Build.0 = Debug|Any CPU
		{FEFA5AFC-5F15-4B55-973A-2A337C4343F0}.Debug|x86.ActiveCfg = Debug|Any CPU
		{FEFA5AFC-5F15-4B55-973A-2A337C4343F0}.Debug|x86.Build.0 = Debug|Any CPU
		{FEFA5AFC-5F15-4B55-973A-2A337C4343F0}.Release|Any CPU.ActiveCfg = Release|Any CPU
		{FEFA5AFC-5F15-4B55-973A-2A337C4343F0}.Release|Any CPU.Build.0 = Release|Any CPU
		{FEFA5AFC-5F15-4B55-973A-2A337C4343F0}.Release|x64.ActiveCfg = Release|Any CPU
		{FEFA5AFC-5F15-4B55-973A-2A337C4343F0}.Release|x64.Build.0 = Release|Any CPU
		{FEFA5AFC-5F15-4B55-973A-2A337C4343F0}.Release|x86.ActiveCfg = Release|Any CPU
		{FEFA5AFC-5F15-4B55-973A-2A337C4343F0}.Release|x86.Build.0 = Release|Any CPU
	EndGlobalSection
	GlobalSection(NestedProjects) = preSolution
		{FEFA5AFC-5F15-4B55-973A-2A337C4343F0} = {0074A497-ACE8-488C-A05A-DFE11FB08263}
	EndGlobalSection
EndGlobal
